// !$*UTF8*$!
{
	archiveVersion = 1;
	classes = {
	};
	objectVersion = 46;
	objects = {

/* Begin PBXBuildFile section */
		3C4896561CE3F1CD0005CCB8 /* SystemConfiguration.framework in Frameworks */ = {isa = PBXBuildFile; fileRef = 3C4896551CE3F1CD0005CCB8 /* SystemConfiguration.framework */; };
		3C4896581CE3F1EA0005CCB8 /* StoreKit.framework in Frameworks */ = {isa = PBXBuildFile; fileRef = 3C4896571CE3F1EA0005CCB8 /* StoreKit.framework */; };
		3C48965A1CE3F2010005CCB8 /* MessageUI.framework in Frameworks */ = {isa = PBXBuildFile; fileRef = 3C4896591CE3F2010005CCB8 /* MessageUI.framework */; };
		3C48965C1CE3F20D0005CCB8 /* EventKitUI.framework in Frameworks */ = {isa = PBXBuildFile; fileRef = 3C48965B1CE3F20D0005CCB8 /* EventKitUI.framework */; };
		3C48965E1CE3F2180005CCB8 /* EventKit.framework in Frameworks */ = {isa = PBXBuildFile; fileRef = 3C48965D1CE3F2180005CCB8 /* EventKit.framework */; };
		3C4896601CE3F2250005CCB8 /* CoreTelephony.framework in Frameworks */ = {isa = PBXBuildFile; fileRef = 3C48965F1CE3F2250005CCB8 /* CoreTelephony.framework */; };
		3C4896621CE3F2300005CCB8 /* CoreGraphics.framework in Frameworks */ = {isa = PBXBuildFile; fileRef = 3C4896611CE3F2300005CCB8 /* CoreGraphics.framework */; };
		3C4896641CE3F2390005CCB8 /* AVFoundation.framework in Frameworks */ = {isa = PBXBuildFile; fileRef = 3C4896631CE3F2390005CCB8 /* AVFoundation.framework */; };
		3C4896661CE3F2460005CCB8 /* AudioToolbox.framework in Frameworks */ = {isa = PBXBuildFile; fileRef = 3C4896651CE3F2460005CCB8 /* AudioToolbox.framework */; };
		3C4896681CE3F2500005CCB8 /* AdSupport.framework in Frameworks */ = {isa = PBXBuildFile; fileRef = 3C4896671CE3F2500005CCB8 /* AdSupport.framework */; };
		3C48966C1CE3F2940005CCB8 /* GoogleMobileAds.framework in Frameworks */ = {isa = PBXBuildFile; fileRef = 3C48966B1CE3F2940005CCB8 /* GoogleMobileAds.framework */; };
		3C5765F01CE328C300C45FB9 /* AppDelegate.swift in Sources */ = {isa = PBXBuildFile; fileRef = 3C5765EF1CE328C300C45FB9 /* AppDelegate.swift */; };
		3C5765F21CE328C300C45FB9 /* ViewController.swift in Sources */ = {isa = PBXBuildFile; fileRef = 3C5765F11CE328C300C45FB9 /* ViewController.swift */; };
		3C5765F51CE328C300C45FB9 /* Main.storyboard in Resources */ = {isa = PBXBuildFile; fileRef = 3C5765F31CE328C300C45FB9 /* Main.storyboard */; };
		3C5765F71CE328C300C45FB9 /* Assets.xcassets in Resources */ = {isa = PBXBuildFile; fileRef = 3C5765F61CE328C300C45FB9 /* Assets.xcassets */; };
		3C5765FA1CE328C300C45FB9 /* LaunchScreen.storyboard in Resources */ = {isa = PBXBuildFile; fileRef = 3C5765F81CE328C300C45FB9 /* LaunchScreen.storyboard */; };
		3C5766051CE328C300C45FB9 /* hwTableAdTests.swift in Sources */ = {isa = PBXBuildFile; fileRef = 3C5766041CE328C300C45FB9 /* hwTableAdTests.swift */; };
		3C5766101CE328C300C45FB9 /* hwTableAdUITests.swift in Sources */ = {isa = PBXBuildFile; fileRef = 3C57660F1CE328C300C45FB9 /* hwTableAdUITests.swift */; };
		3C57661E1CE33C8000C45FB9 /* secVC.swift in Sources */ = {isa = PBXBuildFile; fileRef = 3C57661D1CE33C8000C45FB9 /* secVC.swift */; };
		3C6A8C581CE3F69D001527FA /* json.txt in Resources */ = {isa = PBXBuildFile; fileRef = 3C6A8C571CE3F69D001527FA /* json.txt */; };
/* End PBXBuildFile section */

/* Begin PBXContainerItemProxy section */
		3C5766011CE328C300C45FB9 /* PBXContainerItemProxy */ = {
			isa = PBXContainerItemProxy;
			containerPortal = 3C5765E41CE328C300C45FB9 /* Project object */;
			proxyType = 1;
			remoteGlobalIDString = 3C5765EB1CE328C300C45FB9;
			remoteInfo = hwTableAd;
		};
		3C57660C1CE328C300C45FB9 /* PBXContainerItemProxy */ = {
			isa = PBXContainerItemProxy;
			containerPortal = 3C5765E41CE328C300C45FB9 /* Project object */;
			proxyType = 1;
			remoteGlobalIDString = 3C5765EB1CE328C300C45FB9;
			remoteInfo = hwTableAd;
		};
/* End PBXContainerItemProxy section */

/* Begin PBXFileReference section */
		3C4896551CE3F1CD0005CCB8 /* SystemConfiguration.framework */ = {isa = PBXFileReference; lastKnownFileType = wrapper.framework; name = SystemConfiguration.framework; path = System/Library/Frameworks/SystemConfiguration.framework; sourceTree = SDKROOT; };
		3C4896571CE3F1EA0005CCB8 /* StoreKit.framework */ = {isa = PBXFileReference; lastKnownFileType = wrapper.framework; name = StoreKit.framework; path = System/Library/Frameworks/StoreKit.framework; sourceTree = SDKROOT; };
		3C4896591CE3F2010005CCB8 /* MessageUI.framework */ = {isa = PBXFileReference; lastKnownFileType = wrapper.framework; name = MessageUI.framework; path = System/Library/Frameworks/MessageUI.framework; sourceTree = SDKROOT; };
		3C48965B1CE3F20D0005CCB8 /* EventKitUI.framework */ = {isa = PBXFileReference; lastKnownFileType = wrapper.framework; name = EventKitUI.framework; path = System/Library/Frameworks/EventKitUI.framework; sourceTree = SDKROOT; };
		3C48965D1CE3F2180005CCB8 /* EventKit.framework */ = {isa = PBXFileReference; lastKnownFileType = wrapper.framework; name = EventKit.framework; path = System/Library/Frameworks/EventKit.framework; sourceTree = SDKROOT; };
		3C48965F1CE3F2250005CCB8 /* CoreTelephony.framework */ = {isa = PBXFileReference; lastKnownFileType = wrapper.framework; name = CoreTelephony.framework; path = System/Library/Frameworks/CoreTelephony.framework; sourceTree = SDKROOT; };
		3C4896611CE3F2300005CCB8 /* CoreGraphics.framework */ = {isa = PBXFileReference; lastKnownFileType = wrapper.framework; name = CoreGraphics.framework; path = System/Library/Frameworks/CoreGraphics.framework; sourceTree = SDKROOT; };
		3C4896631CE3F2390005CCB8 /* AVFoundation.framework */ = {isa = PBXFileReference; lastKnownFileType = wrapper.framework; name = AVFoundation.framework; path = System/Library/Frameworks/AVFoundation.framework; sourceTree = SDKROOT; };
		3C4896651CE3F2460005CCB8 /* AudioToolbox.framework */ = {isa = PBXFileReference; lastKnownFileType = wrapper.framework; name = AudioToolbox.framework; path = System/Library/Frameworks/AudioToolbox.framework; sourceTree = SDKROOT; };
		3C4896671CE3F2500005CCB8 /* AdSupport.framework */ = {isa = PBXFileReference; lastKnownFileType = wrapper.framework; name = AdSupport.framework; path = System/Library/Frameworks/AdSupport.framework; sourceTree = SDKROOT; };
		3C48966B1CE3F2940005CCB8 /* GoogleMobileAds.framework */ = {isa = PBXFileReference; lastKnownFileType = wrapper.framework; path = GoogleMobileAds.framework; sourceTree = "<group>"; };
		3C5765EC1CE328C300C45FB9 /* hwTableAd.app */ = {isa = PBXFileReference; explicitFileType = wrapper.application; includeInIndex = 0; path = hwTableAd.app; sourceTree = BUILT_PRODUCTS_DIR; };
		3C5765EF1CE328C300C45FB9 /* AppDelegate.swift */ = {isa = PBXFileReference; lastKnownFileType = sourcecode.swift; path = AppDelegate.swift; sourceTree = "<group>"; };
		3C5765F11CE328C300C45FB9 /* ViewController.swift */ = {isa = PBXFileReference; lastKnownFileType = sourcecode.swift; path = ViewController.swift; sourceTree = "<group>"; };
		3C5765F41CE328C300C45FB9 /* Base */ = {isa = PBXFileReference; lastKnownFileType = file.storyboard; name = Base; path = Base.lproj/Main.storyboard; sourceTree = "<group>"; };
		3C5765F61CE328C300C45FB9 /* Assets.xcassets */ = {isa = PBXFileReference; lastKnownFileType = folder.assetcatalog; path = Assets.xcassets; sourceTree = "<group>"; };
		3C5765F91CE328C300C45FB9 /* Base */ = {isa = PBXFileReference; lastKnownFileType = file.storyboard; name = Base; path = Base.lproj/LaunchScreen.storyboard; sourceTree = "<group>"; };
		3C5765FB1CE328C300C45FB9 /* Info.plist */ = {isa = PBXFileReference; lastKnownFileType = text.plist.xml; path = Info.plist; sourceTree = "<group>"; };
		3C5766001CE328C300C45FB9 /* hwTableAdTests.xctest */ = {isa = PBXFileReference; explicitFileType = wrapper.cfbundle; includeInIndex = 0; path = hwTableAdTests.xctest; sourceTree = BUILT_PRODUCTS_DIR; };
		3C5766041CE328C300C45FB9 /* hwTableAdTests.swift */ = {isa = PBXFileReference; lastKnownFileType = sourcecode.swift; path = hwTableAdTests.swift; sourceTree = "<group>"; };
		3C5766061CE328C300C45FB9 /* Info.plist */ = {isa = PBXFileReference; lastKnownFileType = text.plist.xml; path = Info.plist; sourceTree = "<group>"; };
		3C57660B1CE328C300C45FB9 /* hwTableAdUITests.xctest */ = {isa = PBXFileReference; explicitFileType = wrapper.cfbundle; includeInIndex = 0; path = hwTableAdUITests.xctest; sourceTree = BUILT_PRODUCTS_DIR; };
		3C57660F1CE328C300C45FB9 /* hwTableAdUITests.swift */ = {isa = PBXFileReference; lastKnownFileType = sourcecode.swift; path = hwTableAdUITests.swift; sourceTree = "<group>"; };
		3C5766111CE328C300C45FB9 /* Info.plist */ = {isa = PBXFileReference; lastKnownFileType = text.plist.xml; path = Info.plist; sourceTree = "<group>"; };
		3C57661D1CE33C8000C45FB9 /* secVC.swift */ = {isa = PBXFileReference; fileEncoding = 4; lastKnownFileType = sourcecode.swift; path = secVC.swift; sourceTree = "<group>"; };
		3C6A8C571CE3F69D001527FA /* json.txt */ = {isa = PBXFileReference; fileEncoding = 4; lastKnownFileType = text; path = json.txt; sourceTree = "<group>"; };
/* End PBXFileReference section */

/* Begin PBXFrameworksBuildPhase section */
		3C5765E91CE328C300C45FB9 /* Frameworks */ = {
			isa = PBXFrameworksBuildPhase;
			buildActionMask = 2147483647;
			files = (
				3C4896681CE3F2500005CCB8 /* AdSupport.framework in Frameworks */,
				3C4896661CE3F2460005CCB8 /* AudioToolbox.framework in Frameworks */,
				3C4896641CE3F2390005CCB8 /* AVFoundation.framework in Frameworks */,
				3C48966C1CE3F2940005CCB8 /* GoogleMobileAds.framework in Frameworks */,
				3C4896621CE3F2300005CCB8 /* CoreGraphics.framework in Frameworks */,
				3C4896601CE3F2250005CCB8 /* CoreTelephony.framework in Frameworks */,
				3C48965E1CE3F2180005CCB8 /* EventKit.framework in Frameworks */,
				3C48965C1CE3F20D0005CCB8 /* EventKitUI.framework in Frameworks */,
				3C48965A1CE3F2010005CCB8 /* MessageUI.framework in Frameworks */,
				3C4896581CE3F1EA0005CCB8 /* StoreKit.framework in Frameworks */,
				3C4896561CE3F1CD0005CCB8 /* SystemConfiguration.framework in Frameworks */,
			);
			runOnlyForDeploymentPostprocessing = 0;
		};
		3C5765FD1CE328C300C45FB9 /* Frameworks */ = {
			isa = PBXFrameworksBuildPhase;
			buildActionMask = 2147483647;
			files = (
			);
			runOnlyForDeploymentPostprocessing = 0;
		};
		3C5766081CE328C300C45FB9 /* Frameworks */ = {
			isa = PBXFrameworksBuildPhase;
			buildActionMask = 2147483647;
			files = (
			);
			runOnlyForDeploymentPostprocessing = 0;
		};
/* End PBXFrameworksBuildPhase section */

/* Begin PBXGroup section */
		3C5765E31CE328C300C45FB9 = {
			isa = PBXGroup;
			children = (
				3C4896671CE3F2500005CCB8 /* AdSupport.framework */,
				3C4896651CE3F2460005CCB8 /* AudioToolbox.framework */,
				3C4896631CE3F2390005CCB8 /* AVFoundation.framework */,
				3C4896611CE3F2300005CCB8 /* CoreGraphics.framework */,
				3C48965F1CE3F2250005CCB8 /* CoreTelephony.framework */,
				3C48965D1CE3F2180005CCB8 /* EventKit.framework */,
				3C48965B1CE3F20D0005CCB8 /* EventKitUI.framework */,
				3C4896591CE3F2010005CCB8 /* MessageUI.framework */,
				3C4896571CE3F1EA0005CCB8 /* StoreKit.framework */,
				3C4896551CE3F1CD0005CCB8 /* SystemConfiguration.framework */,
				3C5765EE1CE328C300C45FB9 /* hwTableAd */,
				3C5766031CE328C300C45FB9 /* hwTableAdTests */,
				3C57660E1CE328C300C45FB9 /* hwTableAdUITests */,
				3C5765ED1CE328C300C45FB9 /* Products */,
			);
			sourceTree = "<group>";
		};
		3C5765ED1CE328C300C45FB9 /* Products */ = {
			isa = PBXGroup;
			children = (
				3C5765EC1CE328C300C45FB9 /* hwTableAd.app */,
				3C5766001CE328C300C45FB9 /* hwTableAdTests.xctest */,
				3C57660B1CE328C300C45FB9 /* hwTableAdUITests.xctest */,
			);
			name = Products;
			sourceTree = "<group>";
		};
		3C5765EE1CE328C300C45FB9 /* hwTableAd */ = {
			isa = PBXGroup;
			children = (
				3C48966B1CE3F2940005CCB8 /* GoogleMobileAds.framework */,
				3C5765EF1CE328C300C45FB9 /* AppDelegate.swift */,
				3C5765F11CE328C300C45FB9 /* ViewController.swift */,
				3C57661D1CE33C8000C45FB9 /* secVC.swift */,
				3C5765F31CE328C300C45FB9 /* Main.storyboard */,
				3C5765F61CE328C300C45FB9 /* Assets.xcassets */,
				3C5765F81CE328C300C45FB9 /* LaunchScreen.storyboard */,
				3C5765FB1CE328C300C45FB9 /* Info.plist */,
				3C6A8C571CE3F69D001527FA /* json.txt */,
			);
			path = hwTableAd;
			sourceTree = "<group>";
		};
		3C5766031CE328C300C45FB9 /* hwTableAdTests */ = {
			isa = PBXGroup;
			children = (
				3C5766041CE328C300C45FB9 /* hwTableAdTests.swift */,
				3C5766061CE328C300C45FB9 /* Info.plist */,
			);
			path = hwTableAdTests;
			sourceTree = "<group>";
		};
		3C57660E1CE328C300C45FB9 /* hwTableAdUITests */ = {
			isa = PBXGroup;
			children = (
				3C57660F1CE328C300C45FB9 /* hwTableAdUITests.swift */,
				3C5766111CE328C300C45FB9 /* Info.plist */,
			);
			path = hwTableAdUITests;
			sourceTree = "<group>";
		};
/* End PBXGroup section */

/* Begin PBXNativeTarget section */
		3C5765EB1CE328C300C45FB9 /* hwTableAd */ = {
			isa = PBXNativeTarget;
			buildConfigurationList = 3C5766141CE328C300C45FB9 /* Build configuration list for PBXNativeTarget "hwTableAd" */;
			buildPhases = (
				3C5765E81CE328C300C45FB9 /* Sources */,
				3C5765E91CE328C300C45FB9 /* Frameworks */,
				3C5765EA1CE328C300C45FB9 /* Resources */,
			);
			buildRules = (
			);
			dependencies = (
			);
			name = hwTableAd;
			productName = hwTableAd;
			productReference = 3C5765EC1CE328C300C45FB9 /* hwTableAd.app */;
			productType = "com.apple.product-type.application";
		};
		3C5765FF1CE328C300C45FB9 /* hwTableAdTests */ = {
			isa = PBXNativeTarget;
			buildConfigurationList = 3C5766171CE328C300C45FB9 /* Build configuration list for PBXNativeTarget "hwTableAdTests" */;
			buildPhases = (
				3C5765FC1CE328C300C45FB9 /* Sources */,
				3C5765FD1CE328C300C45FB9 /* Frameworks */,
				3C5765FE1CE328C300C45FB9 /* Resources */,
			);
			buildRules = (
			);
			dependencies = (
				3C5766021CE328C300C45FB9 /* PBXTargetDependency */,
			);
			name = hwTableAdTests;
			productName = hwTableAdTests;
			productReference = 3C5766001CE328C300C45FB9 /* hwTableAdTests.xctest */;
			productType = "com.apple.product-type.bundle.unit-test";
		};
		3C57660A1CE328C300C45FB9 /* hwTableAdUITests */ = {
			isa = PBXNativeTarget;
			buildConfigurationList = 3C57661A1CE328C300C45FB9 /* Build configuration list for PBXNativeTarget "hwTableAdUITests" */;
			buildPhases = (
				3C5766071CE328C300C45FB9 /* Sources */,
				3C5766081CE328C300C45FB9 /* Frameworks */,
				3C5766091CE328C300C45FB9 /* Resources */,
			);
			buildRules = (
			);
			dependencies = (
				3C57660D1CE328C300C45FB9 /* PBXTargetDependency */,
			);
			name = hwTableAdUITests;
			productName = hwTableAdUITests;
			productReference = 3C57660B1CE328C300C45FB9 /* hwTableAdUITests.xctest */;
			productType = "com.apple.product-type.bundle.ui-testing";
		};
/* End PBXNativeTarget section */

/* Begin PBXProject section */
		3C5765E41CE328C300C45FB9 /* Project object */ = {
			isa = PBXProject;
			attributes = {
				LastSwiftUpdateCheck = 0720;
				LastUpgradeCheck = 0720;
				ORGANIZATIONNAME = satoshiii;
				TargetAttributes = {
					3C5765EB1CE328C300C45FB9 = {
						CreatedOnToolsVersion = 7.2.1;
						DevelopmentTeam = 445HFT775Z;
					};
					3C5765FF1CE328C300C45FB9 = {
						CreatedOnToolsVersion = 7.2.1;
						TestTargetID = 3C5765EB1CE328C300C45FB9;
					};
					3C57660A1CE328C300C45FB9 = {
						CreatedOnToolsVersion = 7.2.1;
						TestTargetID = 3C5765EB1CE328C300C45FB9;
					};
				};
			};
			buildConfigurationList = 3C5765E71CE328C300C45FB9 /* Build configuration list for PBXProject "hwTableAd" */;
			compatibilityVersion = "Xcode 3.2";
			developmentRegion = English;
			hasScannedForEncodings = 0;
			knownRegions = (
				en,
				Base,
			);
			mainGroup = 3C5765E31CE328C300C45FB9;
			productRefGroup = 3C5765ED1CE328C300C45FB9 /* Products */;
			projectDirPath = "";
			projectRoot = "";
			targets = (
				3C5765EB1CE328C300C45FB9 /* hwTableAd */,
				3C5765FF1CE328C300C45FB9 /* hwTableAdTests */,
				3C57660A1CE328C300C45FB9 /* hwTableAdUITests */,
			);
		};
/* End PBXProject section */

/* Begin PBXResourcesBuildPhase section */
		3C5765EA1CE328C300C45FB9 /* Resources */ = {
			isa = PBXResourcesBuildPhase;
			buildActionMask = 2147483647;
			files = (
				3C6A8C581CE3F69D001527FA /* json.txt in Resources */,
				3C5765FA1CE328C300C45FB9 /* LaunchScreen.storyboard in Resources */,
				3C5765F71CE328C300C45FB9 /* Assets.xcassets in Resources */,
				3C5765F51CE328C300C45FB9 /* Main.storyboard in Resources */,
			);
			runOnlyForDeploymentPostprocessing = 0;
		};
		3C5765FE1CE328C300C45FB9 /* Resources */ = {
			isa = PBXResourcesBuildPhase;
			buildActionMask = 2147483647;
			files = (
			);
			runOnlyForDeploymentPostprocessing = 0;
		};
		3C5766091CE328C300C45FB9 /* Resources */ = {
			isa = PBXResourcesBuildPhase;
			buildActionMask = 2147483647;
			files = (
			);
			runOnlyForDeploymentPostprocessing = 0;
		};
/* End PBXResourcesBuildPhase section */

/* Begin PBXSourcesBuildPhase section */
		3C5765E81CE328C300C45FB9 /* Sources */ = {
			isa = PBXSourcesBuildPhase;
			buildActionMask = 2147483647;
			files = (
				3C5765F21CE328C300C45FB9 /* ViewController.swift in Sources */,
				3C5765F01CE328C300C45FB9 /* AppDelegate.swift in Sources */,
				3C57661E1CE33C8000C45FB9 /* secVC.swift in Sources */,
			);
			runOnlyForDeploymentPostprocessing = 0;
		};
		3C5765FC1CE328C300C45FB9 /* Sources */ = {
			isa = PBXSourcesBuildPhase;
			buildActionMask = 2147483647;
			files = (
				3C5766051CE328C300C45FB9 /* hwTableAdTests.swift in Sources */,
			);
			runOnlyForDeploymentPostprocessing = 0;
		};
		3C5766071CE328C300C45FB9 /* Sources */ = {
			isa = PBXSourcesBuildPhase;
			buildActionMask = 2147483647;
			files = (
				3C5766101CE328C300C45FB9 /* hwTableAdUITests.swift in Sources */,
			);
			runOnlyForDeploymentPostprocessing = 0;
		};
/* End PBXSourcesBuildPhase section */

/* Begin PBXTargetDependency section */
		3C5766021CE328C300C45FB9 /* PBXTargetDependency */ = {
			isa = PBXTargetDependency;
			target = 3C5765EB1CE328C300C45FB9 /* hwTableAd */;
			targetProxy = 3C5766011CE328C300C45FB9 /* PBXContainerItemProxy */;
		};
		3C57660D1CE328C300C45FB9 /* PBXTargetDependency */ = {
			isa = PBXTargetDependency;
			target = 3C5765EB1CE328C300C45FB9 /* hwTableAd */;
			targetProxy = 3C57660C1CE328C300C45FB9 /* PBXContainerItemProxy */;
		};
/* End PBXTargetDependency section */

/* Begin PBXVariantGroup section */
		3C5765F31CE328C300C45FB9 /* Main.storyboard */ = {
			isa = PBXVariantGroup;
			children = (
				3C5765F41CE328C300C45FB9 /* Base */,
			);
			name = Main.storyboard;
			sourceTree = "<group>";
		};
		3C5765F81CE328C300C45FB9 /* LaunchScreen.storyboard */ = {
			isa = PBXVariantGroup;
			children = (
				3C5765F91CE328C300C45FB9 /* Base */,
			);
			name = LaunchScreen.storyboard;
			sourceTree = "<group>";
		};
/* End PBXVariantGroup section */

/* Begin XCBuildConfiguration section */
		3C5766121CE328C300C45FB9 /* Debug */ = {
			isa = XCBuildConfiguration;
			buildSettings = {
				ALWAYS_SEARCH_USER_PATHS = NO;
				CLANG_CXX_LANGUAGE_STANDARD = "gnu++0x";
				CLANG_CXX_LIBRARY = "libc++";
				CLANG_ENABLE_MODULES = YES;
				CLANG_ENABLE_OBJC_ARC = YES;
				CLANG_WARN_BOOL_CONVERSION = YES;
				CLANG_WARN_CONSTANT_CONVERSION = YES;
				CLANG_WARN_DIRECT_OBJC_ISA_USAGE = YES_ERROR;
				CLANG_WARN_EMPTY_BODY = YES;
				CLANG_WARN_ENUM_CONVERSION = YES;
				CLANG_WARN_INT_CONVERSION = YES;
				CLANG_WARN_OBJC_ROOT_CLASS = YES_ERROR;
				CLANG_WARN_UNREACHABLE_CODE = YES;
				CLANG_WARN__DUPLICATE_METHOD_MATCH = YES;
				"CODE_SIGN_IDENTITY[sdk=iphoneos*]" = "iPhone Developer";
				COPY_PHASE_STRIP = NO;
				DEBUG_INFORMATION_FORMAT = dwarf;
				ENABLE_STRICT_OBJC_MSGSEND = YES;
				ENABLE_TESTABILITY = YES;
				GCC_C_LANGUAGE_STANDARD = gnu99;
				GCC_DYNAMIC_NO_PIC = NO;
				GCC_NO_COMMON_BLOCKS = YES;
				GCC_OPTIMIZATION_LEVEL = 0;
				GCC_PREPROCESSOR_DEFINITIONS = (
					"DEBUG=1",
					"$(inherited)",
				);
				GCC_WARN_64_TO_32_BIT_CONVERSION = YES;
				GCC_WARN_ABOUT_RETURN_TYPE = YES_ERROR;
				GCC_WARN_UNDECLARED_SELECTOR = YES;
				GCC_WARN_UNINITIALIZED_AUTOS = YES_AGGRESSIVE;
				GCC_WARN_UNUSED_FUNCTION = YES;
				GCC_WARN_UNUSED_VARIABLE = YES;
				IPHONEOS_DEPLOYMENT_TARGET = 9.2;
				MTL_ENABLE_DEBUG_INFO = YES;
				ONLY_ACTIVE_ARCH = YES;
				SDKROOT = iphoneos;
				SWIFT_OPTIMIZATION_LEVEL = "-Onone";
			};
			name = Debug;
		};
		3C5766131CE328C300C45FB9 /* Release */ = {
			isa = XCBuildConfiguration;
			buildSettings = {
				ALWAYS_SEARCH_USER_PATHS = NO;
				CLANG_CXX_LANGUAGE_STANDARD = "gnu++0x";
				CLANG_CXX_LIBRARY = "libc++";
				CLANG_ENABLE_MODULES = YES;
				CLANG_ENABLE_OBJC_ARC = YES;
				CLANG_WARN_BOOL_CONVERSION = YES;
				CLANG_WARN_CONSTANT_CONVERSION = YES;
				CLANG_WARN_DIRECT_OBJC_ISA_USAGE = YES_ERROR;
				CLANG_WARN_EMPTY_BODY = YES;
				CLANG_WARN_ENUM_CONVERSION = YES;
				CLANG_WARN_INT_CONVERSION = YES;
				CLANG_WARN_OBJC_ROOT_CLASS = YES_ERROR;
				CLANG_WARN_UNREACHABLE_CODE = YES;
				CLANG_WARN__DUPLICATE_METHOD_MATCH = YES;
				"CODE_SIGN_IDENTITY[sdk=iphoneos*]" = "iPhone Developer";
				COPY_PHASE_STRIP = NO;
				DEBUG_INFORMATION_FORMAT = "dwarf-with-dsym";
				ENABLE_NS_ASSERTIONS = NO;
				ENABLE_STRICT_OBJC_MSGSEND = YES;
				GCC_C_LANGUAGE_STANDARD = gnu99;
				GCC_NO_COMMON_BLOCKS = YES;
				GCC_WARN_64_TO_32_BIT_CONVERSION = YES;
				GCC_WARN_ABOUT_RETURN_TYPE = YES_ERROR;
				GCC_WARN_UNDECLARED_SELECTOR = YES;
				GCC_WARN_UNINITIALIZED_AUTOS = YES_AGGRESSIVE;
				GCC_WARN_UNUSED_FUNCTION = YES;
				GCC_WARN_UNUSED_VARIABLE = YES;
				IPHONEOS_DEPLOYMENT_TARGET = 9.2;
				MTL_ENABLE_DEBUG_INFO = NO;
				SDKROOT = iphoneos;
				VALIDATE_PRODUCT = YES;
			};
			name = Release;
		};
		3C5766151CE328C300C45FB9 /* Debug */ = {
			isa = XCBuildConfiguration;
			buildSettings = {
				ASSETCATALOG_COMPILER_APPICON_NAME = AppIcon;
				CODE_SIGN_IDENTITY = "iPhone Developer";
				"CODE_SIGN_IDENTITY[sdk=iphoneos*]" = "iPhone Developer";
				FRAMEWORK_SEARCH_PATHS = (
					"$(inherited)",
					"$(PROJECT_DIR)",
					"$(PROJECT_DIR)/hwTableAd",
				);
				INFOPLIST_FILE = hwTableAd/Info.plist;
				LD_RUNPATH_SEARCH_PATHS = "$(inherited) @executable_path/Frameworks";
				PRODUCT_BUNDLE_IDENTIFIER = com.satoshiii.hwTableAd;
				PRODUCT_NAME = "$(TARGET_NAME)";
				PROVISIONING_PROFILE = "";
			};
			name = Debug;
		};
		3C5766161CE328C300C45FB9 /* Release */ = {
			isa = XCBuildConfiguration;
			buildSettings = {
				ASSETCATALOG_COMPILER_APPICON_NAME = AppIcon;
				CODE_SIGN_IDENTITY = "iPhone Developer";
				"CODE_SIGN_IDENTITY[sdk=iphoneos*]" = "iPhone Developer";
				FRAMEWORK_SEARCH_PATHS = (
					"$(inherited)",
					"$(PROJECT_DIR)",
					"$(PROJECT_DIR)/hwTableAd",
				);
				INFOPLIST_FILE = hwTableAd/Info.plist;
				LD_RUNPATH_SEARCH_PATHS = "$(inherited) @executable_path/Frameworks";
				PRODUCT_BUNDLE_IDENTIFIER = com.satoshiii.hwTableAd;
				PRODUCT_NAME = "$(TARGET_NAME)";
				PROVISIONING_PROFILE = "";
			};
			name = Release;
		};
		3C5766181CE328C300C45FB9 /* Debug */ = {
			isa = XCBuildConfiguration;
			buildSettings = {
				BUNDLE_LOADER = "$(TEST_HOST)";
				INFOPLIST_FILE = hwTableAdTests/Info.plist;
				LD_RUNPATH_SEARCH_PATHS = "$(inherited) @executable_path/Frameworks @loader_path/Frameworks";
				PRODUCT_BUNDLE_IDENTIFIER = com.satoshiii.hwTableAdTests;
				PRODUCT_NAME = "$(TARGET_NAME)";
				TEST_HOST = "$(BUILT_PRODUCTS_DIR)/hwTableAd.app/hwTableAd";
			};
			name = Debug;
		};
		3C5766191CE328C300C45FB9 /* Release */ = {
			isa = XCBuildConfiguration;
			buildSettings = {
				BUNDLE_LOADER = "$(TEST_HOST)";
				INFOPLIST_FILE = hwTableAdTests/Info.plist;
				LD_RUNPATH_SEARCH_PATHS = "$(inherited) @executable_path/Frameworks @loader_path/Frameworks";
				PRODUCT_BUNDLE_IDENTIFIER = com.satoshiii.hwTableAdTests;
				PRODUCT_NAME = "$(TARGET_NAME)";
				TEST_HOST = "$(BUILT_PRODUCTS_DIR)/hwTableAd.app/hwTableAd";
			};
			name = Release;
		};
		3C57661B1CE328C300C45FB9 /* Debug */ = {
			isa = XCBuildConfiguration;
			buildSettings = {
				INFOPLIST_FILE = hwTableAdUITests/Info.plist;
				LD_RUNPATH_SEARCH_PATHS = "$(inherited) @executable_path/Frameworks @loader_path/Frameworks";
				PRODUCT_BUNDLE_IDENTIFIER = com.satoshiii.hwTableAdUITests;
				PRODUCT_NAME = "$(TARGET_NAME)";
				TEST_TARGET_NAME = hwTableAd;
				USES_XCTRUNNER = YES;
			};
			name = Debug;
		};
		3C57661C1CE328C300C45FB9 /* Release */ = {
			isa = XCBuildConfiguration;
			buildSettings = {
				INFOPLIST_FILE = hwTableAdUITests/Info.plist;
				LD_RUNPATH_SEARCH_PATHS = "$(inherited) @executable_path/Frameworks @loader_path/Frameworks";
				PRODUCT_BUNDLE_IDENTIFIER = com.satoshiii.hwTableAdUITests;
				PRODUCT_NAME = "$(TARGET_NAME)";
				TEST_TARGET_NAME = hwTableAd;
				USES_XCTRUNNER = YES;
			};
			name = Release;
		};
/* End XCBuildConfiguration section */

/* Begin XCConfigurationList section */
		3C5765E71CE328C300C45FB9 /* Build configuration list for PBXProject "hwTableAd" */ = {
			isa = XCConfigurationList;
			buildConfigurations = (
				3C5766121CE328C300C45FB9 /* Debug */,
				3C5766131CE328C300C45FB9 /* Release */,
			);
			defaultConfigurationIsVisible = 0;
			defaultConfigurationName = Release;
		};
		3C5766141CE328C300C45FB9 /* Build configuration list for PBXNativeTarget "hwTableAd" */ = {
			isa = XCConfigurationList;
			buildConfigurations = (
				3C5766151CE328C300C45FB9 /* Debug */,
				3C5766161CE328C300C45FB9 /* Release */,
			);
			defaultConfigurationIsVisible = 0;
			defaultConfigurationName = Release;
		};
		3C5766171CE328C300C45FB9 /* Build configuration list for PBXNativeTarget "hwTableAdTests" */ = {
			isa = XCConfigurationList;
			buildConfigurations = (
				3C5766181CE328C300C45FB9 /* Debug */,
				3C5766191CE328C300C45FB9 /* Release */,
			);
			defaultConfigurationIsVisible = 0;
			defaultConfigurationName = Release;
		};
		3C57661A1CE328C300C45FB9 /* Build configuration list for PBXNativeTarget "hwTableAdUITests" */ = {
			isa = XCConfigurationList;
			buildConfigurations = (
				3C57661B1CE328C300C45FB9 /* Debug */,
				3C57661C1CE328C300C45FB9 /* Release */,
			);
			defaultConfigurationIsVisible = 0;
			defaultConfigurationName = Release;
		};
/* End XCConfigurationList section */
	};
	rootObject = 3C5765E41CE328C300C45FB9 /* Project object */;
}
